
Microsoft Visual Studio Solution File, Format Version 12.00
# Visual Studio Version 17
VisualStudioVersion = 17.13.35931.197 d17.13
MinimumVisualStudioVersion = 10.0.40219.1
Project("{FAE04EC0-301F-11D3-BF4B-00C04F79EFBC}") = "MyWpfApp", "MyWpfApp\MyWpfApp.csproj", "{FC6B9BDA-F7E5-444A-8C66-44273D283FFC}"
EndProject
Global
	GlobalSection(SolutionConfigurationPlatforms) = preSolution
		Debug|Any CPU = Debug|Any CPU
		Release|Any CPU = Release|Any CPU
	EndGlobalSection
	GlobalSection(ProjectConfigurationPlatforms) = postSolution
		{FC6B9BDA-F7E5-444A-8C66-44273D283FFC}.Debug|Any CPU.ActiveCfg = Debug|Any CPU
		{FC6B9BDA-F7E5-444A-8C66-44273D283FFC}.Debug|Any CPU.Build.0 = Debug|Any CPU
		{FC6B9BDA-F7E5-444A-8C66-44273D283FFC}.Release|Any CPU.ActiveCfg = Release|Any CPU
		{FC6B9BDA-F7E5-444A-8C66-44273D283FFC}.Release|Any CPU.Build.0 = Release|Any CPU
	EndGlobalSection
	GlobalSection(SolutionProperties) = preSolution
		HideSolutionNode = FALSE
	EndGlobalSection
	GlobalSection(ExtensibilityGlobals) = postSolution
		SolutionGuid = {C102FEF0-7479-4688-A699-EECEA4596CC7}
	EndGlobalSection
EndGlobal
